PODS:
  - AutoCoding (2.2.1)
  - BTFSpotify (0.2.2):
    - CocoaLibSpotify (~> 2.4.5)
    - ReactiveCocoa (~> 2.3)
  - CocoaLibSpotify (2.4.5):
    - libspotify (= 12.1.64)
  - dyci (0.1.5.6):
    - dyci/Injections (= 0.1.5.6)
  - dyci/Injections (0.1.5.6)
  - libspotify (12.1.64)
  - Masonry (0.6.1)
  - NSArray+Functional (1.0.0)
  - pop (1.0.7)
  - Reachability (3.2)
  - ReactiveCocoa (2.4.7):
    - ReactiveCocoa/UI (= 2.4.7)
  - ReactiveCocoa/Core (2.4.7):
    - ReactiveCocoa/no-arc
  - ReactiveCocoa/no-arc (2.4.7)
  - ReactiveCocoa/UI (2.4.7):
    - ReactiveCocoa/Core

DEPENDENCIES:
  - AutoCoding
  - BTFSpotify
  - CocoaLibSpotify (= 2.4.5)
  - dyci
  - Masonry
  - NSArray+Functional
  - pop
  - Reachability
  - ReactiveCocoa (~> 2.4.0)

SPEC CHECKSUMS:
  AutoCoding: b47e528426c84346371dd532b8e6458929e4da34
  BTFSpotify: 65614bc027834b98ea0bee289a764b4ddd97755e
  CocoaLibSpotify: 908295917d06c2a975323fcbc56ecb52548579cf
  dyci: 099c2e6dc98abb8f21b370cabbf1443ff700608a
  libspotify: 51a32efa68ea2901380dd703ed499415197d3e62
  Masonry: 4972309f2f134de9dd312f4dc4a21359b50e6caa
  NSArray+Functional: 70450a935ad6cf933f675251311c14385815506d
  pop: 628ffc631644601567ee8bfaaaea493ebd7d0923
  Reachability: 33e18b67625424e47b6cde6d202dce689ad7af96
  ReactiveCocoa: eb38dee0a0e698f73a9b25e5c1faea2bb4c79240

COCOAPODS: 0.37.0.beta.1
