PODS:
  - BTFSpotify (0.2.1):
    - CocoaLibSpotify (~> 2.4.5)
    - ReactiveCocoa (~> 2.3.0)
  - CocoaLibSpotify (2.4.5):
    - libspotify (= 12.1.64)
  - dyci (0.1.5.6):
    - dyci/Injections (= 0.1.5.6)
  - dyci/Injections (0.1.5.6)
  - libspotify (12.1.64)
  - Masonry (0.5.3)
  - NoticeView (3.0.7)
  - NSArray+Functional (1.0.0)
  - pop (1.0.6)
  - ReactiveCocoa (2.3.1):
    - ReactiveCocoa/UI (= 2.3.1)
  - ReactiveCocoa/Core (2.3.1):
    - ReactiveCocoa/no-arc
  - ReactiveCocoa/no-arc (2.3.1)
  - ReactiveCocoa/UI (2.3.1):
    - ReactiveCocoa/Core

DEPENDENCIES:
  - BTFSpotify
  - CocoaLibSpotify (= 2.4.5)
  - dyci
  - Masonry
  - NoticeView
  - NSArray+Functional
  - pop
  - ReactiveCocoa

SPEC CHECKSUMS:
  BTFSpotify: cce23854a475196982d28cdd9f83134a1f332b0d
  CocoaLibSpotify: d5c2cc8eac1a27618c6f3ff9f656cabb5982f52a
  dyci: 86668b266b8a281cb6db02843150f6a210c34ee9
  libspotify: a64e21dc94594d988213fb5795641d0253132d46
  Masonry: 35368c2ca9577ca87722c12fc52c4bad9b1c1516
  NoticeView: 357545814931eb92428de54449f405f91c84a1b8
  NSArray+Functional: 2c9ad6ab9b0dc7abe73416d265d569c8b20b9f3c
  pop: e518794da38942c05255eb64b36d894e70cb4f00
  ReactiveCocoa: dca75777b9d18990c8714a3a6f2149f29b4d1462

COCOAPODS: 0.35.0
